
Microsoft Visual Studio Solution File, Format Version 12.00
# Visual Studio Version 17
VisualStudioVersion = 17.14.36301.6 d17.14
MinimumVisualStudioVersion = 10.0.40219.1
Project("{FAE04EC0-301F-11D3-BF4B-00C04F79EFBC}") = "NotarEditor", "NotarEditor\NotarEditor.csproj", "{D465B2C9-4A18-49BA-A867-AD2D9202AF24}"
EndProject
Global
	GlobalSection(SolutionConfigurationPlatforms) = preSolution
		Debug|Any CPU = Debug|Any CPU
		Release|Any CPU = Release|Any CPU
	EndGlobalSection
	GlobalSection(ProjectConfigurationPlatforms) = postSolution
		{D465B2C9-4A18-49BA-A867-AD2D9202AF24}.Debug|Any CPU.ActiveCfg = Debug|Any CPU
		{D465B2C9-4A18-49BA-A867-AD2D9202AF24}.Debug|Any CPU.Build.0 = Debug|Any CPU
		{D465B2C9-4A18-49BA-A867-AD2D9202AF24}.Release|Any CPU.ActiveCfg = Release|Any CPU
		{D465B2C9-4A18-49BA-A867-AD2D9202AF24}.Release|Any CPU.Build.0 = Release|Any CPU
	EndGlobalSection
	GlobalSection(SolutionProperties) = preSolution
		HideSolutionNode = FALSE
	EndGlobalSection
	GlobalSection(ExtensibilityGlobals) = postSolution
		SolutionGuid = {3D6151C3-B348-488F-84F3-6CE0090F956B}
	EndGlobalSection
EndGlobal
